
Microsoft Visual Studio Solution File, Format Version 12.00
# Visual Studio Version 17
VisualStudioVersion = 17.10.35027.167
MinimumVisualStudioVersion = 10.0.40219.1
Project("{FAE04EC0-301F-11D3-BF4B-00C04F79EFBC}") = "AutoMob-WebAPI", "AutoMob-WebAPI\AutoMob-WebAPI.csproj", "{15ECB725-A697-47F8-83F7-B12008C26637}"
EndProject
Global
	GlobalSection(SolutionConfigurationPlatforms) = preSolution
		Debug|Any CPU = Debug|Any CPU
		Release|Any CPU = Release|Any CPU
	EndGlobalSection
	GlobalSection(ProjectConfigurationPlatforms) = postSolution
		{15ECB725-A697-47F8-83F7-B12008C26637}.Debug|Any CPU.ActiveCfg = Debug|Any CPU
		{15ECB725-A697-47F8-83F7-B12008C26637}.Debug|Any CPU.Build.0 = Debug|Any CPU
		{15ECB725-A697-47F8-83F7-B12008C26637}.Release|Any CPU.ActiveCfg = Release|Any CPU
		{15ECB725-A697-47F8-83F7-B12008C26637}.Release|Any CPU.Build.0 = Release|Any CPU
	EndGlobalSection
	GlobalSection(SolutionProperties) = preSolution
		HideSolutionNode = FALSE
	EndGlobalSection
	GlobalSection(ExtensibilityGlobals) = postSolution
		SolutionGuid = {4704A36F-DF3C-4C34-9ACD-EF57800D1779}
	EndGlobalSection
EndGlobal
